// !$*UTF8*$!
{
	archiveVersion = 1;
	classes = {
	};
	objectVersion = 46;
	objects = {

/* Begin PBXBuildFile section */
		8EF2F173BE13256BDFA4C0D7 /* Pods_TamalesDash.framework in Frameworks */ = {isa = PBXBuildFile; fileRef = 113EBE9A8AD7DAF5591B1E5C /* Pods_TamalesDash.framework */; };
		B9659F8E1F02DB3600915414 /* Item.swift in Sources */ = {isa = PBXBuildFile; fileRef = B9659F8D1F02DB3600915414 /* Item.swift */; };
		B9659F931F030C7F00915414 /* CustomTableViewCell.swift in Sources */ = {isa = PBXBuildFile; fileRef = B9659F911F030C7F00915414 /* CustomTableViewCell.swift */; };
		B9659F941F030C7F00915414 /* CustomTableViewCell.xib in Resources */ = {isa = PBXBuildFile; fileRef = B9659F921F030C7F00915414 /* CustomTableViewCell.xib */; };
		B9A637D01EFE0C3F009CF6DD /* AppDelegate.swift in Sources */ = {isa = PBXBuildFile; fileRef = B9A637CF1EFE0C3F009CF6DD /* AppDelegate.swift */; };
		B9A637D21EFE0C3F009CF6DD /* ViewController.swift in Sources */ = {isa = PBXBuildFile; fileRef = B9A637D11EFE0C3F009CF6DD /* ViewController.swift */; };
		B9A637D51EFE0C3F009CF6DD /* Main.storyboard in Resources */ = {isa = PBXBuildFile; fileRef = B9A637D31EFE0C3F009CF6DD /* Main.storyboard */; };
		B9A637D71EFE0C3F009CF6DD /* Assets.xcassets in Resources */ = {isa = PBXBuildFile; fileRef = B9A637D61EFE0C3F009CF6DD /* Assets.xcassets */; };
		B9A637DA1EFE0C3F009CF6DD /* LaunchScreen.storyboard in Resources */ = {isa = PBXBuildFile; fileRef = B9A637D81EFE0C3F009CF6DD /* LaunchScreen.storyboard */; };
/* End PBXBuildFile section */

/* Begin PBXFileReference section */
		113EBE9A8AD7DAF5591B1E5C /* Pods_TamalesDash.framework */ = {isa = PBXFileReference; explicitFileType = wrapper.framework; includeInIndex = 0; path = Pods_TamalesDash.framework; sourceTree = BUILT_PRODUCTS_DIR; };
		1623E64D3FB314E1551332DB /* Pods-TamalesDash.release.xcconfig */ = {isa = PBXFileReference; includeInIndex = 1; lastKnownFileType = text.xcconfig; name = "Pods-TamalesDash.release.xcconfig"; path = "Pods/Target Support Files/Pods-TamalesDash/Pods-TamalesDash.release.xcconfig"; sourceTree = "<group>"; };
		4E2FAE29B852C10BC8FB5B4A /* Pods-TamalesDash.debug.xcconfig */ = {isa = PBXFileReference; includeInIndex = 1; lastKnownFileType = text.xcconfig; name = "Pods-TamalesDash.debug.xcconfig"; path = "Pods/Target Support Files/Pods-TamalesDash/Pods-TamalesDash.debug.xcconfig"; sourceTree = "<group>"; };
		B9659F8D1F02DB3600915414 /* Item.swift */ = {isa = PBXFileReference; fileEncoding = 4; lastKnownFileType = sourcecode.swift; path = Item.swift; sourceTree = "<group>"; };
		B9659F911F030C7F00915414 /* CustomTableViewCell.swift */ = {isa = PBXFileReference; fileEncoding = 4; lastKnownFileType = sourcecode.swift; path = CustomTableViewCell.swift; sourceTree = "<group>"; };
		B9659F921F030C7F00915414 /* CustomTableViewCell.xib */ = {isa = PBXFileReference; fileEncoding = 4; lastKnownFileType = file.xib; path = CustomTableViewCell.xib; sourceTree = "<group>"; };
		B9A637CC1EFE0C3F009CF6DD /* TamalesDash.app */ = {isa = PBXFileReference; explicitFileType = wrapper.application; includeInIndex = 0; path = TamalesDash.app; sourceTree = BUILT_PRODUCTS_DIR; };
		B9A637CF1EFE0C3F009CF6DD /* AppDelegate.swift */ = {isa = PBXFileReference; lastKnownFileType = sourcecode.swift; path = AppDelegate.swift; sourceTree = "<group>"; };
		B9A637D11EFE0C3F009CF6DD /* ViewController.swift */ = {isa = PBXFileReference; lastKnownFileType = sourcecode.swift; path = ViewController.swift; sourceTree = "<group>"; };
		B9A637D41EFE0C3F009CF6DD /* Base */ = {isa = PBXFileReference; lastKnownFileType = file.storyboard; name = Base; path = Base.lproj/Main.storyboard; sourceTree = "<group>"; };
		B9A637D61EFE0C3F009CF6DD /* Assets.xcassets */ = {isa = PBXFileReference; lastKnownFileType = folder.assetcatalog; path = Assets.xcassets; sourceTree = "<group>"; };
		B9A637D91EFE0C3F009CF6DD /* Base */ = {isa = PBXFileReference; lastKnownFileType = file.storyboard; name = Base; path = Base.lproj/LaunchScreen.storyboard; sourceTree = "<group>"; };
		B9A637DB1EFE0C3F009CF6DD /* Info.plist */ = {isa = PBXFileReference; lastKnownFileType = text.plist.xml; path = Info.plist; sourceTree = "<group>"; };
/* End PBXFileReference section */

/* Begin PBXFrameworksBuildPhase section */
		B9A637C91EFE0C3F009CF6DD /* Frameworks */ = {
			isa = PBXFrameworksBuildPhase;
			buildActionMask = 2147483647;
			files = (
				8EF2F173BE13256BDFA4C0D7 /* Pods_TamalesDash.framework in Frameworks */,
			);
			runOnlyForDeploymentPostprocessing = 0;
		};
/* End PBXFrameworksBuildPhase section */

/* Begin PBXGroup section */
		B9A637C31EFE0C3F009CF6DD = {
			isa = PBXGroup;
			children = (
				B9A637CE1EFE0C3F009CF6DD /* TamalesDash */,
				B9A637CD1EFE0C3F009CF6DD /* Products */,
				C6A4AB964E50EFC07112FF9F /* Pods */,
				EC5487F9C1E510F565390DB6 /* Frameworks */,
			);
			sourceTree = "<group>";
		};
		B9A637CD1EFE0C3F009CF6DD /* Products */ = {
			isa = PBXGroup;
			children = (
				B9A637CC1EFE0C3F009CF6DD /* TamalesDash.app */,
			);
			name = Products;
			sourceTree = "<group>";
		};
		B9A637CE1EFE0C3F009CF6DD /* TamalesDash */ = {
			isa = PBXGroup;
			children = (
				B9A637CF1EFE0C3F009CF6DD /* AppDelegate.swift */,
				B9A637D11EFE0C3F009CF6DD /* ViewController.swift */,
				B9A637D31EFE0C3F009CF6DD /* Main.storyboard */,
				B9659F911F030C7F00915414 /* CustomTableViewCell.swift */,
				B9659F921F030C7F00915414 /* CustomTableViewCell.xib */,
				B9A637D61EFE0C3F009CF6DD /* Assets.xcassets */,
				B9A637D81EFE0C3F009CF6DD /* LaunchScreen.storyboard */,
				B9A637DB1EFE0C3F009CF6DD /* Info.plist */,
				B9659F8D1F02DB3600915414 /* Item.swift */,
			);
			path = TamalesDash;
			sourceTree = "<group>";
		};
		C6A4AB964E50EFC07112FF9F /* Pods */ = {
			isa = PBXGroup;
			children = (
				4E2FAE29B852C10BC8FB5B4A /* Pods-TamalesDash.debug.xcconfig */,
				1623E64D3FB314E1551332DB /* Pods-TamalesDash.release.xcconfig */,
			);
			name = Pods;
			sourceTree = "<group>";
		};
		EC5487F9C1E510F565390DB6 /* Frameworks */ = {
			isa = PBXGroup;
			children = (
				113EBE9A8AD7DAF5591B1E5C /* Pods_TamalesDash.framework */,
			);
			name = Frameworks;
			sourceTree = "<group>";
		};
/* End PBXGroup section */

/* Begin PBXNativeTarget section */
		B9A637CB1EFE0C3F009CF6DD /* TamalesDash */ = {
			isa = PBXNativeTarget;
			buildConfigurationList = B9A637DE1EFE0C3F009CF6DD /* Build configuration list for PBXNativeTarget "TamalesDash" */;
			buildPhases = (
				188448F355858621F78CC02C /* [CP] Check Pods Manifest.lock */,
				B9A637C81EFE0C3F009CF6DD /* Sources */,
				B9A637C91EFE0C3F009CF6DD /* Frameworks */,
				B9A637CA1EFE0C3F009CF6DD /* Resources */,
				6D719ABAFEC7C7CC33865DB8 /* [CP] Embed Pods Frameworks */,
				F221D0A61877BBFF22D44208 /* [CP] Copy Pods Resources */,
			);
			buildRules = (
			);
			dependencies = (
			);
			name = TamalesDash;
			productName = TamalesDash;
			productReference = B9A637CC1EFE0C3F009CF6DD /* TamalesDash.app */;
			productType = "com.apple.product-type.application";
		};
/* End PBXNativeTarget section */

/* Begin PBXProject section */
		B9A637C41EFE0C3F009CF6DD /* Project object */ = {
			isa = PBXProject;
			attributes = {
				LastSwiftUpdateCheck = 0830;
				LastUpgradeCheck = 0830;
				ORGANIZATIONNAME = "Gerardo Espinoza";
				TargetAttributes = {
					B9A637CB1EFE0C3F009CF6DD = {
						CreatedOnToolsVersion = 8.3.2;
						DevelopmentTeam = EKGNN5Z2FR;
						ProvisioningStyle = Automatic;
					};
				};
			};
			buildConfigurationList = B9A637C71EFE0C3F009CF6DD /* Build configuration list for PBXProject "TamalesDash" */;
			compatibilityVersion = "Xcode 3.2";
			developmentRegion = English;
			hasScannedForEncodings = 0;
			knownRegions = (
				en,
				Base,
			);
			mainGroup = B9A637C31EFE0C3F009CF6DD;
			productRefGroup = B9A637CD1EFE0C3F009CF6DD /* Products */;
			projectDirPath = "";
			projectRoot = "";
			targets = (
				B9A637CB1EFE0C3F009CF6DD /* TamalesDash */,
			);
		};
/* End PBXProject section */

/* Begin PBXResourcesBuildPhase section */
		B9A637CA1EFE0C3F009CF6DD /* Resources */ = {
			isa = PBXResourcesBuildPhase;
			buildActionMask = 2147483647;
			files = (
				B9A637DA1EFE0C3F009CF6DD /* LaunchScreen.storyboard in Resources */,
				B9A637D71EFE0C3F009CF6DD /* Assets.xcassets in Resources */,
				B9659F941F030C7F00915414 /* CustomTableViewCell.xib in Resources */,
				B9A637D51EFE0C3F009CF6DD /* Main.storyboard in Resources */,
			);
			runOnlyForDeploymentPostprocessing = 0;
		};
/* End PBXResourcesBuildPhase section */

/* Begin PBXShellScriptBuildPhase section */
		188448F355858621F78CC02C /* [CP] Check Pods Manifest.lock */ = {
			isa = PBXShellScriptBuildPhase;
			buildActionMask = 2147483647;
			files = (
			);
			inputPaths = (
			);
			name = "[CP] Check Pods Manifest.lock";
			outputPaths = (
			);
			runOnlyForDeploymentPostprocessing = 0;
			shellPath = /bin/sh;
			shellScript = "diff \"${PODS_PODFILE_DIR_PATH}/Podfile.lock\" \"${PODS_ROOT}/Manifest.lock\" > /dev/null\nif [ $? != 0 ] ; then\n    # print error to STDERR\n    echo \"error: The sandbox is not in sync with the Podfile.lock. Run 'pod install' or update your CocoaPods installation.\" >&2\n    exit 1\nfi\n";
			showEnvVarsInLog = 0;
		};
		6D719ABAFEC7C7CC33865DB8 /* [CP] Embed Pods Frameworks */ = {
			isa = PBXShellScriptBuildPhase;
			buildActionMask = 2147483647;
			files = (
			);
			inputPaths = (
			);
			name = "[CP] Embed Pods Frameworks";
			outputPaths = (
			);
			runOnlyForDeploymentPostprocessing = 0;
			shellPath = /bin/sh;
			shellScript = "\"${SRCROOT}/Pods/Target Support Files/Pods-TamalesDash/Pods-TamalesDash-frameworks.sh\"\n";
			showEnvVarsInLog = 0;
		};
		F221D0A61877BBFF22D44208 /* [CP] Copy Pods Resources */ = {
			isa = PBXShellScriptBuildPhase;
			buildActionMask = 2147483647;
			files = (
			);
			inputPaths = (
			);
			name = "[CP] Copy Pods Resources";
			outputPaths = (
			);
			runOnlyForDeploymentPostprocessing = 0;
			shellPath = /bin/sh;
			shellScript = "\"${SRCROOT}/Pods/Target Support Files/Pods-TamalesDash/Pods-TamalesDash-resources.sh\"\n";
			showEnvVarsInLog = 0;
		};
/* End PBXShellScriptBuildPhase section */

/* Begin PBXSourcesBuildPhase section */
		B9A637C81EFE0C3F009CF6DD /* Sources */ = {
			isa = PBXSourcesBuildPhase;
			buildActionMask = 2147483647;
			files = (
				B9A637D21EFE0C3F009CF6DD /* ViewController.swift in Sources */,
				B9659F8E1F02DB3600915414 /* Item.swift in Sources */,
				B9659F931F030C7F00915414 /* CustomTableViewCell.swift in Sources */,
				B9A637D01EFE0C3F009CF6DD /* AppDelegate.swift in Sources */,
			);
			runOnlyForDeploymentPostprocessing = 0;
		};
/* End PBXSourcesBuildPhase section */

/* Begin PBXVariantGroup section */
		B9A637D31EFE0C3F009CF6DD /* Main.storyboard */ = {
			isa = PBXVariantGroup;
			children = (
				B9A637D41EFE0C3F009CF6DD /* Base */,
			);
			name = Main.storyboard;
			sourceTree = "<group>";
		};
		B9A637D81EFE0C3F009CF6DD /* LaunchScreen.storyboard */ = {
			isa = PBXVariantGroup;
			children = (
				B9A637D91EFE0C3F009CF6DD /* Base */,
			);
			name = LaunchScreen.storyboard;
			sourceTree = "<group>";
		};
/* End PBXVariantGroup section */

/* Begin XCBuildConfiguration section */
		B9A637DC1EFE0C3F009CF6DD /* Debug */ = {
			isa = XCBuildConfiguration;
			buildSettings = {
				ALWAYS_SEARCH_USER_PATHS = NO;
				CLANG_ANALYZER_NONNULL = YES;
				CLANG_ANALYZER_NUMBER_OBJECT_CONVERSION = YES_AGGRESSIVE;
				CLANG_CXX_LANGUAGE_STANDARD = "gnu++0x";
				CLANG_CXX_LIBRARY = "libc++";
				CLANG_ENABLE_MODULES = YES;
				CLANG_ENABLE_OBJC_ARC = YES;
				CLANG_WARN_BOOL_CONVERSION = YES;
				CLANG_WARN_CONSTANT_CONVERSION = YES;
				CLANG_WARN_DIRECT_OBJC_ISA_USAGE = YES_ERROR;
				CLANG_WARN_DOCUMENTATION_COMMENTS = YES;
				CLANG_WARN_EMPTY_BODY = YES;
				CLANG_WARN_ENUM_CONVERSION = YES;
				CLANG_WARN_INFINITE_RECURSION = YES;
				CLANG_WARN_INT_CONVERSION = YES;
				CLANG_WARN_OBJC_ROOT_CLASS = YES_ERROR;
				CLANG_WARN_SUSPICIOUS_MOVE = YES;
				CLANG_WARN_UNREACHABLE_CODE = YES;
				CLANG_WARN__DUPLICATE_METHOD_MATCH = YES;
				"CODE_SIGN_IDENTITY[sdk=iphoneos*]" = "iPhone Developer";
				COPY_PHASE_STRIP = NO;
				DEBUG_INFORMATION_FORMAT = dwarf;
				ENABLE_STRICT_OBJC_MSGSEND = YES;
				ENABLE_TESTABILITY = YES;
				GCC_C_LANGUAGE_STANDARD = gnu99;
				GCC_DYNAMIC_NO_PIC = NO;
				GCC_NO_COMMON_BLOCKS = YES;
				GCC_OPTIMIZATION_LEVEL = 0;
				GCC_PREPROCESSOR_DEFINITIONS = (
					"DEBUG=1",
					"$(inherited)",
				);
				GCC_WARN_64_TO_32_BIT_CONVERSION = YES;
				GCC_WARN_ABOUT_RETURN_TYPE = YES_ERROR;
				GCC_WARN_UNDECLARED_SELECTOR = YES;
				GCC_WARN_UNINITIALIZED_AUTOS = YES_AGGRESSIVE;
				GCC_WARN_UNUSED_FUNCTION = YES;
				GCC_WARN_UNUSED_VARIABLE = YES;
				IPHONEOS_DEPLOYMENT_TARGET = 10.3;
				MTL_ENABLE_DEBUG_INFO = YES;
				ONLY_ACTIVE_ARCH = YES;
				SDKROOT = iphoneos;
				SWIFT_ACTIVE_COMPILATION_CONDITIONS = DEBUG;
				SWIFT_OPTIMIZATION_LEVEL = "-Onone";
				TARGETED_DEVICE_FAMILY = "1,2";
			};
			name = Debug;
		};
		B9A637DD1EFE0C3F009CF6DD /* Release */ = {
			isa = XCBuildConfiguration;
			buildSettings = {
				ALWAYS_SEARCH_USER_PATHS = NO;
				CLANG_ANALYZER_NONNULL = YES;
				CLANG_ANALYZER_NUMBER_OBJECT_CONVERSION = YES_AGGRESSIVE;
				CLANG_CXX_LANGUAGE_STANDARD = "gnu++0x";
				CLANG_CXX_LIBRARY = "libc++";
				CLANG_ENABLE_MODULES = YES;
				CLANG_ENABLE_OBJC_ARC = YES;
				CLANG_WARN_BOOL_CONVERSION = YES;
				CLANG_WARN_CONSTANT_CONVERSION = YES;
				CLANG_WARN_DIRECT_OBJC_ISA_USAGE = YES_ERROR;
				CLANG_WARN_DOCUMENTATION_COMMENTS = YES;
				CLANG_WARN_EMPTY_BODY = YES;
				CLANG_WARN_ENUM_CONVERSION = YES;
				CLANG_WARN_INFINITE_RECURSION = YES;
				CLANG_WARN_INT_CONVERSION = YES;
				CLANG_WARN_OBJC_ROOT_CLASS = YES_ERROR;
				CLANG_WARN_SUSPICIOUS_MOVE = YES;
				CLANG_WARN_UNREACHABLE_CODE = YES;
				CLANG_WARN__DUPLICATE_METHOD_MATCH = YES;
				"CODE_SIGN_IDENTITY[sdk=iphoneos*]" = "iPhone Developer";
				COPY_PHASE_STRIP = NO;
				DEBUG_INFORMATION_FORMAT = "dwarf-with-dsym";
				ENABLE_NS_ASSERTIONS = NO;
				ENABLE_STRICT_OBJC_MSGSEND = YES;
				GCC_C_LANGUAGE_STANDARD = gnu99;
				GCC_NO_COMMON_BLOCKS = YES;
				GCC_WARN_64_TO_32_BIT_CONVERSION = YES;
				GCC_WARN_ABOUT_RETURN_TYPE = YES_ERROR;
				GCC_WARN_UNDECLARED_SELECTOR = YES;
				GCC_WARN_UNINITIALIZED_AUTOS = YES_AGGRESSIVE;
				GCC_WARN_UNUSED_FUNCTION = YES;
				GCC_WARN_UNUSED_VARIABLE = YES;
				IPHONEOS_DEPLOYMENT_TARGET = 10.3;
				MTL_ENABLE_DEBUG_INFO = NO;
				SDKROOT = iphoneos;
				SWIFT_OPTIMIZATION_LEVEL = "-Owholemodule";
				TARGETED_DEVICE_FAMILY = "1,2";
				VALIDATE_PRODUCT = YES;
			};
			name = Release;
		};
		B9A637DF1EFE0C3F009CF6DD /* Debug */ = {
			isa = XCBuildConfiguration;
			baseConfigurationReference = 4E2FAE29B852C10BC8FB5B4A /* Pods-TamalesDash.debug.xcconfig */;
			buildSettings = {
				ASSETCATALOG_COMPILER_APPICON_NAME = AppIcon;
				DEVELOPMENT_TEAM = EKGNN5Z2FR;
				INFOPLIST_FILE = TamalesDash/Info.plist;
				LD_RUNPATH_SEARCH_PATHS = "$(inherited) @executable_path/Frameworks";
				PRODUCT_BUNDLE_IDENTIFIER = com.Hellloworld.TamalesDash;
				PRODUCT_NAME = "$(TARGET_NAME)";
				SWIFT_VERSION = 3.0;
				TARGETED_DEVICE_FAMILY = "1,2";
			};
			name = Debug;
		};
		B9A637E01EFE0C3F009CF6DD /* Release */ = {
			isa = XCBuildConfiguration;
			baseConfigurationReference = 1623E64D3FB314E1551332DB /* Pods-TamalesDash.release.xcconfig */;
			buildSettings = {
				ASSETCATALOG_COMPILER_APPICON_NAME = AppIcon;
				DEVELOPMENT_TEAM = EKGNN5Z2FR;
				INFOPLIST_FILE = TamalesDash/Info.plist;
				LD_RUNPATH_SEARCH_PATHS = "$(inherited) @executable_path/Frameworks";
				PRODUCT_BUNDLE_IDENTIFIER = com.Hellloworld.TamalesDash;
				PRODUCT_NAME = "$(TARGET_NAME)";
				SWIFT_VERSION = 3.0;
				TARGETED_DEVICE_FAMILY = "1,2";
			};
			name = Release;
		};
/* End XCBuildConfiguration section */

/* Begin XCConfigurationList section */
		B9A637C71EFE0C3F009CF6DD /* Build configuration list for PBXProject "TamalesDash" */ = {
			isa = XCConfigurationList;
			buildConfigurations = (
				B9A637DC1EFE0C3F009CF6DD /* Debug */,
				B9A637DD1EFE0C3F009CF6DD /* Release */,
			);
			defaultConfigurationIsVisible = 0;
			defaultConfigurationName = Release;
		};
		B9A637DE1EFE0C3F009CF6DD /* Build configuration list for PBXNativeTarget "TamalesDash" */ = {
			isa = XCConfigurationList;
			buildConfigurations = (
				B9A637DF1EFE0C3F009CF6DD /* Debug */,
				B9A637E01EFE0C3F009CF6DD /* Release */,
			);
			defaultConfigurationIsVisible = 0;
			defaultConfigurationName = Release;
		};
/* End XCConfigurationList section */
	};
	rootObject = B9A637C41EFE0C3F009CF6DD /* Project object */;
}
